
Microsoft Visual Studio Solution File, Format Version 12.00
# Visual Studio 15
VisualStudioVersion = 15.0.35116.124
MinimumVisualStudioVersion = 10.0.40219.1
Project("{FAE04EC0-301F-11D3-BF4B-00C04F79EFBC}") = "AirTrafficControl", "AirTrafficControl\AirTrafficControl.csproj", "{01D98C22-F1B9-4777-A6D6-1341B4C8FCBA}"
EndProject
Global
	GlobalSection(SolutionConfigurationPlatforms) = preSolution
		Debug|Any CPU = Debug|Any CPU
		Release|Any CPU = Release|Any CPU
	EndGlobalSection
	GlobalSection(ProjectConfigurationPlatforms) = postSolution
		{01D98C22-F1B9-4777-A6D6-1341B4C8FCBA}.Debug|Any CPU.ActiveCfg = Debug|Any CPU
		{01D98C22-F1B9-4777-A6D6-1341B4C8FCBA}.Debug|Any CPU.Build.0 = Debug|Any CPU
		{01D98C22-F1B9-4777-A6D6-1341B4C8FCBA}.Release|Any CPU.ActiveCfg = Release|Any CPU
		{01D98C22-F1B9-4777-A6D6-1341B4C8FCBA}.Release|Any CPU.Build.0 = Release|Any CPU
	EndGlobalSection
	GlobalSection(SolutionProperties) = preSolution
		HideSolutionNode = FALSE
	EndGlobalSection
	GlobalSection(ExtensibilityGlobals) = postSolution
		SolutionGuid = {02D0EF48-EAC3-4FD6-AE46-3B7994AD3480}
	EndGlobalSection
EndGlobal
